
Microsoft Visual Studio Solution File, Format Version 12.00
# Visual Studio 14
VisualStudioVersion = 14.0.25123.0
MinimumVisualStudioVersion = 10.0.40219.1
Project("{FAE04EC0-301F-11D3-BF4B-00C04F79EFBC}") = "Infrastructure", "Infracture\Infrastructure.csproj", "{F00AC7A0-CBAA-46E2-83FF-8C9FF7742C5F}"
EndProject
Project("{FAE04EC0-301F-11D3-BF4B-00C04F79EFBC}") = "Core", "Core\Core.csproj", "{F8910957-6082-4B03-91F2-56F6DDF273EE}"
EndProject
Project("{2150E333-8FDC-42A3-9474-1A3956D46DE8}") = "HSDK.Core", "HSDK.Core", "{9A752789-408D-40AA-902F-CCCEFB5FCEBC}"
EndProject
Project("{2150E333-8FDC-42A3-9474-1A3956D46DE8}") = "HSDK.Infrastructure", "HSDK.Infrastructure", "{E3EDFAC4-EE93-4A77-A032-F7CEEE3193C9}"
EndProject
Project("{2150E333-8FDC-42A3-9474-1A3956D46DE8}") = "HSDK.Presentation", "HSDK.Presentation", "{77F71A79-873C-4E2C-9BAB-CDC3A2B76835}"
EndProject
Project("{FAE04EC0-301F-11D3-BF4B-00C04F79EFBC}") = "Infrastructure.Logging", "Logging\Infrastructure.Logging.csproj", "{164E8D83-6BDD-4761-98CF-B0B7C0350D53}"
EndProject
Project("{FAE04EC0-301F-11D3-BF4B-00C04F79EFBC}") = "Web", "Web\Web.csproj", "{605FAB98-1497-462B-A503-8BD066D39A10}"
EndProject
Global
	GlobalSection(SolutionConfigurationPlatforms) = preSolution
		Debug|Any CPU = Debug|Any CPU
		Release|Any CPU = Release|Any CPU
	EndGlobalSection
	GlobalSection(ProjectConfigurationPlatforms) = postSolution
		{F00AC7A0-CBAA-46E2-83FF-8C9FF7742C5F}.Debug|Any CPU.ActiveCfg = Debug|Any CPU
		{F00AC7A0-CBAA-46E2-83FF-8C9FF7742C5F}.Debug|Any CPU.Build.0 = Debug|Any CPU
		{F00AC7A0-CBAA-46E2-83FF-8C9FF7742C5F}.Release|Any CPU.ActiveCfg = Release|Any CPU
		{F00AC7A0-CBAA-46E2-83FF-8C9FF7742C5F}.Release|Any CPU.Build.0 = Release|Any CPU
		{F8910957-6082-4B03-91F2-56F6DDF273EE}.Debug|Any CPU.ActiveCfg = Debug|Any CPU
		{F8910957-6082-4B03-91F2-56F6DDF273EE}.Debug|Any CPU.Build.0 = Debug|Any CPU
		{F8910957-6082-4B03-91F2-56F6DDF273EE}.Release|Any CPU.ActiveCfg = Release|Any CPU
		{F8910957-6082-4B03-91F2-56F6DDF273EE}.Release|Any CPU.Build.0 = Release|Any CPU
		{164E8D83-6BDD-4761-98CF-B0B7C0350D53}.Debug|Any CPU.ActiveCfg = Debug|Any CPU
		{164E8D83-6BDD-4761-98CF-B0B7C0350D53}.Debug|Any CPU.Build.0 = Debug|Any CPU
		{164E8D83-6BDD-4761-98CF-B0B7C0350D53}.Release|Any CPU.ActiveCfg = Release|Any CPU
		{164E8D83-6BDD-4761-98CF-B0B7C0350D53}.Release|Any CPU.Build.0 = Release|Any CPU
		{605FAB98-1497-462B-A503-8BD066D39A10}.Debug|Any CPU.ActiveCfg = Debug|Any CPU
		{605FAB98-1497-462B-A503-8BD066D39A10}.Debug|Any CPU.Build.0 = Debug|Any CPU
		{605FAB98-1497-462B-A503-8BD066D39A10}.Release|Any CPU.ActiveCfg = Release|Any CPU
		{605FAB98-1497-462B-A503-8BD066D39A10}.Release|Any CPU.Build.0 = Release|Any CPU
	EndGlobalSection
	GlobalSection(SolutionProperties) = preSolution
		HideSolutionNode = FALSE
	EndGlobalSection
	GlobalSection(NestedProjects) = preSolution
		{F00AC7A0-CBAA-46E2-83FF-8C9FF7742C5F} = {E3EDFAC4-EE93-4A77-A032-F7CEEE3193C9}
		{F8910957-6082-4B03-91F2-56F6DDF273EE} = {9A752789-408D-40AA-902F-CCCEFB5FCEBC}
		{164E8D83-6BDD-4761-98CF-B0B7C0350D53} = {E3EDFAC4-EE93-4A77-A032-F7CEEE3193C9}
		{605FAB98-1497-462B-A503-8BD066D39A10} = {77F71A79-873C-4E2C-9BAB-CDC3A2B76835}
	EndGlobalSection
EndGlobal
